{
  "originHash" : "9eb0a1e85cdefd825875185e55363a61522cf443e85af75666b2264a32f7a136",
  "pins" : [
    {
      "identity" : "clutchcorekit",
      "kind" : "remoteSourceControl",
      "location" : "https://github.com/engingulek/ClutchCoreKit",
      "state" : {
        "revision" : "3f13896c0cbd001e5e90ea0696e5a45488ea9bb8",
        "version" : "0.1.8"
      }
    },
    {
      "identity" : "clutchmodularprotocols",
      "kind" : "remoteSourceControl",
      "location" : "https://github.com/engingulek/ClutchModularProtocols",
      "state" : {
        "revision" : "3466f7ac5d9eb9676b80dc536ee7ae67fdbcb475",
        "version" : "0.0.2"
      }
    },
    {
      "identity" : "clutchviewcontrollerablekit",
      "kind" : "remoteSourceControl",
      "location" : "https://github.com/engingulek/ClutchViewControllerAbleKit",
      "state" : {
        "revision" : "6806ea3280bd6c4ad6422ddba106ae793f0e3154",
        "version" : "0.0.2"
      }
    },
    {
      "identity" : "snapkit",
      "kind" : "remoteSourceControl",
      "location" : "https://github.com/SnapKit/SnapKit",
      "state" : {
        "revision" : "2842e6e84e82eb9a8dac0100ca90d9444b0307f4",
        "version" : "5.7.1"
      }
    }
  ],
  "version" : 3
}
