{
  "originHash" : "4b636b59be7a0a34b23ed4a5ce818d0a379a82ab6b0caf7c325e539d403d288b",
  "pins" : [
    {
      "identity" : "clutchcorekit",
      "kind" : "remoteSourceControl",
      "location" : "https://github.com/engingulek/ClutchCoreKit",
      "state" : {
        "revision" : "bc1fa965529a88cc2d415b3de2b424e58613518c",
        "version" : "0.1.7"
      }
    },
    {
      "identity" : "clutchviewcontrollerablekit",
      "kind" : "remoteSourceControl",
      "location" : "https://github.com/engingulek/ClutchViewControllerAbleKit",
      "state" : {
        "revision" : "6806ea3280bd6c4ad6422ddba106ae793f0e3154",
        "version" : "0.0.2"
      }
    },
    {
      "identity" : "snapkit",
      "kind" : "remoteSourceControl",
      "location" : "https://github.com/SnapKit/SnapKit",
      "state" : {
        "revision" : "2842e6e84e82eb9a8dac0100ca90d9444b0307f4",
        "version" : "5.7.1"
      }
    }
  ],
  "version" : 3
}
